
Microsoft Visual Studio Solution File, Format Version 12.00
# Visual Studio Version 17
VisualStudioVersion = 17.5.33516.290
MinimumVisualStudioVersion = 10.0.40219.1
Project("{FAE04EC0-301F-11D3-BF4B-00C04F79EFBC}") = "QRCodeTools", "QRCodeTools.csproj", "{776ECA9A-2A83-4EA8-BA16-A3AD3ED3908A}"
EndProject
Global
	GlobalSection(SolutionConfigurationPlatforms) = preSolution
		Debug|Any CPU = Debug|Any CPU
		Release|Any CPU = Release|Any CPU
	EndGlobalSection
	GlobalSection(ProjectConfigurationPlatforms) = postSolution
		{776ECA9A-2A83-4EA8-BA16-A3AD3ED3908A}.Debug|Any CPU.ActiveCfg = Debug|Any CPU
		{776ECA9A-2A83-4EA8-BA16-A3AD3ED3908A}.Debug|Any CPU.Build.0 = Debug|Any CPU
		{776ECA9A-2A83-4EA8-BA16-A3AD3ED3908A}.Release|Any CPU.ActiveCfg = Release|Any CPU
		{776ECA9A-2A83-4EA8-BA16-A3AD3ED3908A}.Release|Any CPU.Build.0 = Release|Any CPU
	EndGlobalSection
	GlobalSection(SolutionProperties) = preSolution
		HideSolutionNode = FALSE
	EndGlobalSection
	GlobalSection(ExtensibilityGlobals) = postSolution
		SolutionGuid = {FB1ABB76-8CB2-423E-8131-773A29F75957}
	EndGlobalSection
EndGlobal
